
Microsoft Visual Studio Solution File, Format Version 12.00
# Visual Studio Version 17
VisualStudioVersion = 17.12.35707.178 d17.12
MinimumVisualStudioVersion = 10.0.40219.1
Project("{FAE04EC0-301F-11D3-BF4B-00C04F79EFBC}") = "TrainingMVC", "TrainingMVC\TrainingMVC.csproj", "{12942EC5-ECFE-4AD6-933E-EA6982040EA2}"
EndProject
Project("{00D1A9C2-B5F0-4AF3-8072-F6C62B433612}") = "DB", "DB\DB.sqlproj", "{3291AA2A-C758-49AB-B93C-1A528BCCD373}"
EndProject
Global
	GlobalSection(SolutionConfigurationPlatforms) = preSolution
		Debug|Any CPU = Debug|Any CPU
		Release|Any CPU = Release|Any CPU
	EndGlobalSection
	GlobalSection(ProjectConfigurationPlatforms) = postSolution
		{12942EC5-ECFE-4AD6-933E-EA6982040EA2}.Debug|Any CPU.ActiveCfg = Debug|Any CPU
		{12942EC5-ECFE-4AD6-933E-EA6982040EA2}.Debug|Any CPU.Build.0 = Debug|Any CPU
		{12942EC5-ECFE-4AD6-933E-EA6982040EA2}.Release|Any CPU.ActiveCfg = Release|Any CPU
		{12942EC5-ECFE-4AD6-933E-EA6982040EA2}.Release|Any CPU.Build.0 = Release|Any CPU
		{3291AA2A-C758-49AB-B93C-1A528BCCD373}.Debug|Any CPU.ActiveCfg = Debug|Any CPU
		{3291AA2A-C758-49AB-B93C-1A528BCCD373}.Debug|Any CPU.Build.0 = Debug|Any CPU
		{3291AA2A-C758-49AB-B93C-1A528BCCD373}.Debug|Any CPU.Deploy.0 = Debug|Any CPU
		{3291AA2A-C758-49AB-B93C-1A528BCCD373}.Release|Any CPU.ActiveCfg = Release|Any CPU
		{3291AA2A-C758-49AB-B93C-1A528BCCD373}.Release|Any CPU.Build.0 = Release|Any CPU
		{3291AA2A-C758-49AB-B93C-1A528BCCD373}.Release|Any CPU.Deploy.0 = Release|Any CPU
	EndGlobalSection
	GlobalSection(SolutionProperties) = preSolution
		HideSolutionNode = FALSE
	EndGlobalSection
EndGlobal
